
Microsoft Visual Studio Solution File, Format Version 12.00
# Visual Studio 15
Project("{FAE04EC0-301F-11D3-BF4B-00C04F79EFBC}") = "Assembly-CSharp", "Assembly-CSharp.csproj", "{0B737641-E916-16B3-D90A-05AE2B729D49}"
EndProject
Project("{FAE04EC0-301F-11D3-BF4B-00C04F79EFBC}") = "Assembly-CSharp-Editor", "Assembly-CSharp-Editor.csproj", "{44801F00-BA61-C2E6-E34F-748885F2DAB7}"
EndProject
Global
	GlobalSection(SolutionConfigurationPlatforms) = preSolution
		Debug|Any CPU = Debug|Any CPU
		Release|Any CPU = Release|Any CPU
	EndGlobalSection
	GlobalSection(ProjectConfigurationPlatforms) = postSolution
		{0B737641-E916-16B3-D90A-05AE2B729D49}.Debug|Any CPU.ActiveCfg = Debug|Any CPU
		{0B737641-E916-16B3-D90A-05AE2B729D49}.Debug|Any CPU.Build.0 = Debug|Any CPU
		{0B737641-E916-16B3-D90A-05AE2B729D49}.Release|Any CPU.ActiveCfg = Release|Any CPU
		{0B737641-E916-16B3-D90A-05AE2B729D49}.Release|Any CPU.Build.0 = Release|Any CPU
		{44801F00-BA61-C2E6-E34F-748885F2DAB7}.Debug|Any CPU.ActiveCfg = Debug|Any CPU
		{44801F00-BA61-C2E6-E34F-748885F2DAB7}.Debug|Any CPU.Build.0 = Debug|Any CPU
		{44801F00-BA61-C2E6-E34F-748885F2DAB7}.Release|Any CPU.ActiveCfg = Release|Any CPU
		{44801F00-BA61-C2E6-E34F-748885F2DAB7}.Release|Any CPU.Build.0 = Release|Any CPU
	EndGlobalSection
	GlobalSection(SolutionProperties) = preSolution
		HideSolutionNode = FALSE
	EndGlobalSection
EndGlobal
